PODS:
  - SnapKit (5.6.0)
  - SwiftyCamera (1.0.0)

DEPENDENCIES:
  - SnapKit
  - SwiftyCamera (from `../`)

SPEC REPOS:
  trunk:
    - SnapKit

EXTERNAL SOURCES:
  SwiftyCamera:
    :path: "../"

SPEC CHECKSUMS:
  SnapKit: e01d52ebb8ddbc333eefe2132acf85c8227d9c25
  SwiftyCamera: dfb07826d51ec9c87296106bec3a519a8d80c642

PODFILE CHECKSUM: 5b6060426d861d6e39d82574320d1aa5f3413670

COCOAPODS: 1.13.0
