PODS:
  - SnapKit (5.6.0)
  - SwiftyCamera (1.0.0)

DEPENDENCIES:
  - SnapKit
  - SwiftyCamera (from `../`)

SPEC REPOS:
  trunk:
    - SnapKit

EXTERNAL SOURCES:
  SwiftyCamera:
    :path: "../"

SPEC CHECKSUMS:
  SnapKit: e01d52ebb8ddbc333eefe2132acf85c8227d9c25
  SwiftyCamera: dfb07826d51ec9c87296106bec3a519a8d80c642

PODFILE CHECKSUM: d162fe19deb74b50fca67525c4573f4e7a8d7dd0

COCOAPODS: 1.13.0
